
Microsoft Visual Studio Solution File, Format Version 12.00
# Visual Studio Version 17
VisualStudioVersion = 17.4.33122.133
MinimumVisualStudioVersion = 10.0.40219.1
Project("{9A19103F-16F7-4668-BE54-9A1E7A4F7556}") = "Detail_engineering", "Detail_engineering\Detail_engineering.csproj", "{0C076C18-861A-42EC-BAB3-E18A19C96441}"
EndProject
Global
	GlobalSection(SolutionConfigurationPlatforms) = preSolution
		Debug|Any CPU = Debug|Any CPU
		Debug|x64 = Debug|x64
		Debug|x86 = Debug|x86
		Release|Any CPU = Release|Any CPU
		Release|x64 = Release|x64
		Release|x86 = Release|x86
	EndGlobalSection
	GlobalSection(ProjectConfigurationPlatforms) = postSolution
		{0C076C18-861A-42EC-BAB3-E18A19C96441}.Debug|Any CPU.ActiveCfg = Debug|Any CPU
		{0C076C18-861A-42EC-BAB3-E18A19C96441}.Debug|Any CPU.Build.0 = Debug|Any CPU
		{0C076C18-861A-42EC-BAB3-E18A19C96441}.Debug|x64.ActiveCfg = Debug|x64
		{0C076C18-861A-42EC-BAB3-E18A19C96441}.Debug|x64.Build.0 = Debug|x64
		{0C076C18-861A-42EC-BAB3-E18A19C96441}.Debug|x86.ActiveCfg = Debug|Any CPU
		{0C076C18-861A-42EC-BAB3-E18A19C96441}.Debug|x86.Build.0 = Debug|Any CPU
		{0C076C18-861A-42EC-BAB3-E18A19C96441}.Release|Any CPU.ActiveCfg = Release|Any CPU
		{0C076C18-861A-42EC-BAB3-E18A19C96441}.Release|Any CPU.Build.0 = Release|Any CPU
		{0C076C18-861A-42EC-BAB3-E18A19C96441}.Release|x64.ActiveCfg = Release|x64
		{0C076C18-861A-42EC-BAB3-E18A19C96441}.Release|x64.Build.0 = Release|x64
		{0C076C18-861A-42EC-BAB3-E18A19C96441}.Release|x86.ActiveCfg = Release|Any CPU
		{0C076C18-861A-42EC-BAB3-E18A19C96441}.Release|x86.Build.0 = Release|Any CPU
	EndGlobalSection
	GlobalSection(SolutionProperties) = preSolution
		HideSolutionNode = FALSE
	EndGlobalSection
	GlobalSection(ExtensibilityGlobals) = postSolution
		SolutionGuid = {8540FB67-DCAD-464C-BE9D-231C9F4840E2}
	EndGlobalSection
EndGlobal
